{
  "name": "cloudflare-link-shortener",
  "version": "1.0.0",
  "lockfileVersion": 3,
  "requires": true,
  "packages": {
    "": {
      "name": "cloudflare-link-shortener",
      "version": "1.0.0",
      "license": "MIT",
      "dependencies": {
        "uuidv7": "^1.0.2"
      },
      "devDependencies": {}
    },
    "node_modules/uuidv7": {
      "version": "1.0.2",
      "resolved": "https://registry.npmjs.org/uuidv7/-/uuidv7-1.0.2.tgz",
      "integrity": "sha512-8JQkH4ooXnm1JCIhqTMbtmdnYEn6oKukBxHn1Ic9878jMkL7daTI7anTExfY18VRCX7tcdn5quzvCb6EWrR8PA==",
      "license": "Apache-2.0",
      "bin": {
        "uuidv7": "cli.js"
      }
    }
  }
}
